
Microsoft Visual Studio Solution File, Format Version 12.00
# Visual Studio Version 17
VisualStudioVersion = 17.1.32328.378
MinimumVisualStudioVersion = 10.0.40219.1
Project("{8BC9CEB8-8B4A-11D0-8D11-00A0C91BC942}") = "Gitkadai", "Gitkadai.vcxproj", "{D3AD4331-6E58-4FBF-8CBB-1C640E4EBCF1}"
EndProject
Project("{8BC9CEB8-8B4A-11D0-8D11-00A0C91BC942}") = "3_2", "..\3_2\3_2.vcxproj", "{2AFA0EE8-0487-459B-ABC7-E03E2653BC6E}"
EndProject
Global
	GlobalSection(SolutionConfigurationPlatforms) = preSolution
		Debug|x64 = Debug|x64
		Debug|x86 = Debug|x86
		Release|x64 = Release|x64
		Release|x86 = Release|x86
	EndGlobalSection
	GlobalSection(ProjectConfigurationPlatforms) = postSolution
		{D3AD4331-6E58-4FBF-8CBB-1C640E4EBCF1}.Debug|x64.ActiveCfg = Debug|x64
		{D3AD4331-6E58-4FBF-8CBB-1C640E4EBCF1}.Debug|x64.Build.0 = Debug|x64
		{D3AD4331-6E58-4FBF-8CBB-1C640E4EBCF1}.Debug|x86.ActiveCfg = Debug|Win32
		{D3AD4331-6E58-4FBF-8CBB-1C640E4EBCF1}.Debug|x86.Build.0 = Debug|Win32
		{D3AD4331-6E58-4FBF-8CBB-1C640E4EBCF1}.Release|x64.ActiveCfg = Release|x64
		{D3AD4331-6E58-4FBF-8CBB-1C640E4EBCF1}.Release|x64.Build.0 = Release|x64
		{D3AD4331-6E58-4FBF-8CBB-1C640E4EBCF1}.Release|x86.ActiveCfg = Release|Win32
		{D3AD4331-6E58-4FBF-8CBB-1C640E4EBCF1}.Release|x86.Build.0 = Release|Win32
		{2AFA0EE8-0487-459B-ABC7-E03E2653BC6E}.Debug|x64.ActiveCfg = Debug|x64
		{2AFA0EE8-0487-459B-ABC7-E03E2653BC6E}.Debug|x64.Build.0 = Debug|x64
		{2AFA0EE8-0487-459B-ABC7-E03E2653BC6E}.Debug|x86.ActiveCfg = Debug|Win32
		{2AFA0EE8-0487-459B-ABC7-E03E2653BC6E}.Debug|x86.Build.0 = Debug|Win32
		{2AFA0EE8-0487-459B-ABC7-E03E2653BC6E}.Release|x64.ActiveCfg = Release|x64
		{2AFA0EE8-0487-459B-ABC7-E03E2653BC6E}.Release|x64.Build.0 = Release|x64
		{2AFA0EE8-0487-459B-ABC7-E03E2653BC6E}.Release|x86.ActiveCfg = Release|Win32
		{2AFA0EE8-0487-459B-ABC7-E03E2653BC6E}.Release|x86.Build.0 = Release|Win32
	EndGlobalSection
	GlobalSection(SolutionProperties) = preSolution
		HideSolutionNode = FALSE
	EndGlobalSection
	GlobalSection(ExtensibilityGlobals) = postSolution
		SolutionGuid = {568DF3E0-553F-44A1-AE48-360E93289997}
	EndGlobalSection
EndGlobal
